
Microsoft Visual Studio Solution File, Format Version 12.00
# Visual Studio Version 17
VisualStudioVersion = 17.9.34728.123
MinimumVisualStudioVersion = 10.0.40219.1
Project("{FAE04EC0-301F-11D3-BF4B-00C04F79EFBC}") = "QLBENHNHAN", "QLBENHNHAN\QLBENHNHAN.csproj", "{C9A256BA-C08A-413A-9C84-EF128EDE4767}"
EndProject
Global
	GlobalSection(SolutionConfigurationPlatforms) = preSolution
		Debug|Any CPU = Debug|Any CPU
		Release|Any CPU = Release|Any CPU
	EndGlobalSection
	GlobalSection(ProjectConfigurationPlatforms) = postSolution
		{C9A256BA-C08A-413A-9C84-EF128EDE4767}.Debug|Any CPU.ActiveCfg = Debug|Any CPU
		{C9A256BA-C08A-413A-9C84-EF128EDE4767}.Debug|Any CPU.Build.0 = Debug|Any CPU
		{C9A256BA-C08A-413A-9C84-EF128EDE4767}.Release|Any CPU.ActiveCfg = Release|Any CPU
		{C9A256BA-C08A-413A-9C84-EF128EDE4767}.Release|Any CPU.Build.0 = Release|Any CPU
	EndGlobalSection
	GlobalSection(SolutionProperties) = preSolution
		HideSolutionNode = FALSE
	EndGlobalSection
	GlobalSection(ExtensibilityGlobals) = postSolution
		SolutionGuid = {542047B2-CC82-4F62-9AEF-C11A5BB3CCD1}
	EndGlobalSection
EndGlobal
